// !$*UTF8*$!
{
	archiveVersion = 1;
	classes = {
	};
	objectVersion = 77;
	objects = {

/* Begin PBXBuildFile section */
		263909F02F46313F0064281C /* UserDefaultsService.swift in Sources */ = {isa = PBXBuildFile; fileRef = 263909EF2F46313E0064281C /* UserDefaultsService.swift */; };
		269C36F62F4580F60040BB61 /* Assets.xcassets in Resources */ = {isa = PBXBuildFile; fileRef = 269C36EB2F4580F60040BB61 /* Assets.xcassets */; };
		269C36F82F4580F60040BB61 /* LaunchScreen.storyboard in Resources */ = {isa = PBXBuildFile; fileRef = 269C36F02F4580F60040BB61 /* LaunchScreen.storyboard */; };
		269C36F92F4580F60040BB61 /* Main.storyboard in Resources */ = {isa = PBXBuildFile; fileRef = 269C36F22F4580F60040BB61 /* Main.storyboard */; };
		269C36FA2F4580F60040BB61 /* AppDelegate.swift in Sources */ = {isa = PBXBuildFile; fileRef = 269C36ED2F4580F60040BB61 /* AppDelegate.swift */; };
		269C36FB2F4580F60040BB61 /* SceneDelegate.swift in Sources */ = {isa = PBXBuildFile; fileRef = 269C36F32F4580F60040BB61 /* SceneDelegate.swift */; };
		269C36FC2F4580F60040BB61 /* LoginVC.swift in Sources */ = {isa = PBXBuildFile; fileRef = 269C36F42F4580F60040BB61 /* LoginVC.swift */; };
		269C37002F45907A0040BB61 /* UserSession.swift in Sources */ = {isa = PBXBuildFile; fileRef = 269C36FF2F4590770040BB61 /* UserSession.swift */; };
		269C37042F4591300040BB61 /* LoginModel.swift in Sources */ = {isa = PBXBuildFile; fileRef = 269C37032F45912C0040BB61 /* LoginModel.swift */; };
/* End PBXBuildFile section */

/* Begin PBXFileReference section */
		263909EF2F46313E0064281C /* UserDefaultsService.swift */ = {isa = PBXFileReference; lastKnownFileType = sourcecode.swift; path = UserDefaultsService.swift; sourceTree = "<group>"; };
		269C36A22F457EA50040BB61 /* SOLID Principles.app */ = {isa = PBXFileReference; explicitFileType = wrapper.application; includeInIndex = 0; path = "SOLID Principles.app"; sourceTree = BUILT_PRODUCTS_DIR; };
		269C36EB2F4580F60040BB61 /* Assets.xcassets */ = {isa = PBXFileReference; lastKnownFileType = folder.assetcatalog; path = Assets.xcassets; sourceTree = "<group>"; };
		269C36ED2F4580F60040BB61 /* AppDelegate.swift */ = {isa = PBXFileReference; lastKnownFileType = sourcecode.swift; path = AppDelegate.swift; sourceTree = "<group>"; };
		269C36EE2F4580F60040BB61 /* Info.plist */ = {isa = PBXFileReference; lastKnownFileType = text.plist.xml; path = Info.plist; sourceTree = "<group>"; };
		269C36EF2F4580F60040BB61 /* Base */ = {isa = PBXFileReference; lastKnownFileType = file.storyboard; name = Base; path = Base.lproj/LaunchScreen.storyboard; sourceTree = "<group>"; };
		269C36F12F4580F60040BB61 /* Base */ = {isa = PBXFileReference; lastKnownFileType = file.storyboard; name = Base; path = Base.lproj/Main.storyboard; sourceTree = "<group>"; };
		269C36F32F4580F60040BB61 /* SceneDelegate.swift */ = {isa = PBXFileReference; lastKnownFileType = sourcecode.swift; path = SceneDelegate.swift; sourceTree = "<group>"; };
		269C36F42F4580F60040BB61 /* LoginVC.swift */ = {isa = PBXFileReference; lastKnownFileType = sourcecode.swift; path = LoginVC.swift; sourceTree = "<group>"; };
		269C36FF2F4590770040BB61 /* UserSession.swift */ = {isa = PBXFileReference; lastKnownFileType = sourcecode.swift; path = UserSession.swift; sourceTree = "<group>"; };
		269C37032F45912C0040BB61 /* LoginModel.swift */ = {isa = PBXFileReference; lastKnownFileType = sourcecode.swift; path = LoginModel.swift; sourceTree = "<group>"; };
/* End PBXFileReference section */

/* Begin PBXFrameworksBuildPhase section */
		269C369F2F457EA50040BB61 /* Frameworks */ = {
			isa = PBXFrameworksBuildPhase;
			buildActionMask = 2147483647;
			files = (
			);
			runOnlyForDeploymentPostprocessing = 0;
		};
/* End PBXFrameworksBuildPhase section */

/* Begin PBXGroup section */
		269C36992F457EA50040BB61 = {
			isa = PBXGroup;
			children = (
				269C36F52F4580F60040BB61 /* SOLID Principles */,
				269C36A32F457EA50040BB61 /* Products */,
			);
			sourceTree = "<group>";
		};
		269C36A32F457EA50040BB61 /* Products */ = {
			isa = PBXGroup;
			children = (
				269C36A22F457EA50040BB61 /* SOLID Principles.app */,
			);
			name = Products;
			sourceTree = "<group>";
		};
		269C36EC2F4580F60040BB61 /* Resources */ = {
			isa = PBXGroup;
			children = (
				269C36EB2F4580F60040BB61 /* Assets.xcassets */,
			);
			path = Resources;
			sourceTree = "<group>";
		};
		269C36F52F4580F60040BB61 /* SOLID Principles */ = {
			isa = PBXGroup;
			children = (
				269C36ED2F4580F60040BB61 /* AppDelegate.swift */,
				269C36F32F4580F60040BB61 /* SceneDelegate.swift */,
				269C36EE2F4580F60040BB61 /* Info.plist */,
				269C36F02F4580F60040BB61 /* LaunchScreen.storyboard */,
				269C36FE2F45906E0040BB61 /* User Session */,
				269C36FD2F4581030040BB61 /* Features */,
				269C36EC2F4580F60040BB61 /* Resources */,
			);
			path = "SOLID Principles";
			sourceTree = "<group>";
		};
		269C36FD2F4581030040BB61 /* Features */ = {
			isa = PBXGroup;
			children = (
				269C36F22F4580F60040BB61 /* Main.storyboard */,
				269C37012F4591190040BB61 /* Login */,
			);
			path = Features;
			sourceTree = "<group>";
		};
		269C36FE2F45906E0040BB61 /* User Session */ = {
			isa = PBXGroup;
			children = (
				269C36FF2F4590770040BB61 /* UserSession.swift */,
				263909EF2F46313E0064281C /* UserDefaultsService.swift */,
			);
			path = "User Session";
			sourceTree = "<group>";
		};
		269C37012F4591190040BB61 /* Login */ = {
			isa = PBXGroup;
			children = (
				269C37022F4591240040BB61 /* Models */,
				269C36F42F4580F60040BB61 /* LoginVC.swift */,
			);
			path = Login;
			sourceTree = "<group>";
		};
		269C37022F4591240040BB61 /* Models */ = {
			isa = PBXGroup;
			children = (
				269C37032F45912C0040BB61 /* LoginModel.swift */,
			);
			path = Models;
			sourceTree = "<group>";
		};
/* End PBXGroup section */

/* Begin PBXNativeTarget section */
		269C36A12F457EA50040BB61 /* SOLID Principles */ = {
			isa = PBXNativeTarget;
			buildConfigurationList = 269C36B52F457EA60040BB61 /* Build configuration list for PBXNativeTarget "SOLID Principles" */;
			buildPhases = (
				269C369E2F457EA50040BB61 /* Sources */,
				269C369F2F457EA50040BB61 /* Frameworks */,
				269C36A02F457EA50040BB61 /* Resources */,
			);
			buildRules = (
			);
			dependencies = (
			);
			name = "SOLID Principles";
			packageProductDependencies = (
			);
			productName = "SOLID Principles";
			productReference = 269C36A22F457EA50040BB61 /* SOLID Principles.app */;
			productType = "com.apple.product-type.application";
		};
/* End PBXNativeTarget section */

/* Begin PBXProject section */
		269C369A2F457EA50040BB61 /* Project object */ = {
			isa = PBXProject;
			attributes = {
				BuildIndependentTargetsInParallel = 1;
				LastSwiftUpdateCheck = 2620;
				LastUpgradeCheck = 2620;
				TargetAttributes = {
					269C36A12F457EA50040BB61 = {
						CreatedOnToolsVersion = 26.2;
					};
				};
			};
			buildConfigurationList = 269C369D2F457EA50040BB61 /* Build configuration list for PBXProject "SOLID Principles" */;
			developmentRegion = en;
			hasScannedForEncodings = 0;
			knownRegions = (
				en,
				Base,
			);
			mainGroup = 269C36992F457EA50040BB61;
			minimizedProjectReferenceProxies = 1;
			preferredProjectObjectVersion = 77;
			productRefGroup = 269C36A32F457EA50040BB61 /* Products */;
			projectDirPath = "";
			projectRoot = "";
			targets = (
				269C36A12F457EA50040BB61 /* SOLID Principles */,
			);
		};
/* End PBXProject section */

/* Begin PBXResourcesBuildPhase section */
		269C36A02F457EA50040BB61 /* Resources */ = {
			isa = PBXResourcesBuildPhase;
			buildActionMask = 2147483647;
			files = (
				269C36F62F4580F60040BB61 /* Assets.xcassets in Resources */,
				269C36F82F4580F60040BB61 /* LaunchScreen.storyboard in Resources */,
				269C36F92F4580F60040BB61 /* Main.storyboard in Resources */,
			);
			runOnlyForDeploymentPostprocessing = 0;
		};
/* End PBXResourcesBuildPhase section */

/* Begin PBXSourcesBuildPhase section */
		269C369E2F457EA50040BB61 /* Sources */ = {
			isa = PBXSourcesBuildPhase;
			buildActionMask = 2147483647;
			files = (
				263909F02F46313F0064281C /* UserDefaultsService.swift in Sources */,
				269C37042F4591300040BB61 /* LoginModel.swift in Sources */,
				269C36FA2F4580F60040BB61 /* AppDelegate.swift in Sources */,
				269C36FB2F4580F60040BB61 /* SceneDelegate.swift in Sources */,
				269C36FC2F4580F60040BB61 /* LoginVC.swift in Sources */,
				269C37002F45907A0040BB61 /* UserSession.swift in Sources */,
			);
			runOnlyForDeploymentPostprocessing = 0;
		};
/* End PBXSourcesBuildPhase section */

/* Begin PBXVariantGroup section */
		269C36F02F4580F60040BB61 /* LaunchScreen.storyboard */ = {
			isa = PBXVariantGroup;
			children = (
				269C36EF2F4580F60040BB61 /* Base */,
			);
			name = LaunchScreen.storyboard;
			sourceTree = "<group>";
		};
		269C36F22F4580F60040BB61 /* Main.storyboard */ = {
			isa = PBXVariantGroup;
			children = (
				269C36F12F4580F60040BB61 /* Base */,
			);
			name = Main.storyboard;
			sourceTree = "<group>";
		};
/* End PBXVariantGroup section */

/* Begin XCBuildConfiguration section */
		269C36B62F457EA60040BB61 /* Debug */ = {
			isa = XCBuildConfiguration;
			buildSettings = {
				ASSETCATALOG_COMPILER_APPICON_NAME = AppIcon;
				ASSETCATALOG_COMPILER_GLOBAL_ACCENT_COLOR_NAME = AccentColor;
				CODE_SIGN_STYLE = Automatic;
				CURRENT_PROJECT_VERSION = 1;
				GENERATE_INFOPLIST_FILE = YES;
				INFOPLIST_FILE = "SOLID Principles/Info.plist";
				INFOPLIST_KEY_UIApplicationSupportsIndirectInputEvents = YES;
				INFOPLIST_KEY_UILaunchStoryboardName = LaunchScreen;
				INFOPLIST_KEY_UIMainStoryboardFile = Main;
				INFOPLIST_KEY_UISupportedInterfaceOrientations_iPad = "UIInterfaceOrientationPortrait UIInterfaceOrientationPortraitUpsideDown UIInterfaceOrientationLandscapeLeft UIInterfaceOrientationLandscapeRight";
				INFOPLIST_KEY_UISupportedInterfaceOrientations_iPhone = "UIInterfaceOrientationPortrait UIInterfaceOrientationLandscapeLeft UIInterfaceOrientationLandscapeRight";
				LD_RUNPATH_SEARCH_PATHS = (
					"$(inherited)",
					"@executable_path/Frameworks",
				);
				MARKETING_VERSION = 1.0;
				PRODUCT_BUNDLE_IDENTIFIER = "Alif.SOLID-Principles";
				PRODUCT_NAME = "$(TARGET_NAME)";
				STRING_CATALOG_GENERATE_SYMBOLS = YES;
				SWIFT_APPROACHABLE_CONCURRENCY = YES;
				SWIFT_DEFAULT_ACTOR_ISOLATION = MainActor;
				SWIFT_EMIT_LOC_STRINGS = YES;
				SWIFT_UPCOMING_FEATURE_MEMBER_IMPORT_VISIBILITY = YES;
				SWIFT_VERSION = 5.0;
				TARGETED_DEVICE_FAMILY = "1,2";
			};
			name = Debug;
		};
		269C36B72F457EA60040BB61 /* Release */ = {
			isa = XCBuildConfiguration;
			buildSettings = {
				ASSETCATALOG_COMPILER_APPICON_NAME = AppIcon;
				ASSETCATALOG_COMPILER_GLOBAL_ACCENT_COLOR_NAME = AccentColor;
				CODE_SIGN_STYLE = Automatic;
				CURRENT_PROJECT_VERSION = 1;
				GENERATE_INFOPLIST_FILE = YES;
				INFOPLIST_FILE = "SOLID Principles/Info.plist";
				INFOPLIST_KEY_UIApplicationSupportsIndirectInputEvents = YES;
				INFOPLIST_KEY_UILaunchStoryboardName = LaunchScreen;
				INFOPLIST_KEY_UIMainStoryboardFile = Main;
				INFOPLIST_KEY_UISupportedInterfaceOrientations_iPad = "UIInterfaceOrientationPortrait UIInterfaceOrientationPortraitUpsideDown UIInterfaceOrientationLandscapeLeft UIInterfaceOrientationLandscapeRight";
				INFOPLIST_KEY_UISupportedInterfaceOrientations_iPhone = "UIInterfaceOrientationPortrait UIInterfaceOrientationLandscapeLeft UIInterfaceOrientationLandscapeRight";
				LD_RUNPATH_SEARCH_PATHS = (
					"$(inherited)",
					"@executable_path/Frameworks",
				);
				MARKETING_VERSION = 1.0;
				PRODUCT_BUNDLE_IDENTIFIER = "Alif.SOLID-Principles";
				PRODUCT_NAME = "$(TARGET_NAME)";
				STRING_CATALOG_GENERATE_SYMBOLS = YES;
				SWIFT_APPROACHABLE_CONCURRENCY = YES;
				SWIFT_DEFAULT_ACTOR_ISOLATION = MainActor;
				SWIFT_EMIT_LOC_STRINGS = YES;
				SWIFT_UPCOMING_FEATURE_MEMBER_IMPORT_VISIBILITY = YES;
				SWIFT_VERSION = 5.0;
				TARGETED_DEVICE_FAMILY = "1,2";
			};
			name = Release;
		};
		269C36B82F457EA60040BB61 /* Debug */ = {
			isa = XCBuildConfiguration;
			buildSettings = {
				ALWAYS_SEARCH_USER_PATHS = NO;
				ASSETCATALOG_COMPILER_GENERATE_SWIFT_ASSET_SYMBOL_EXTENSIONS = YES;
				CLANG_ANALYZER_NONNULL = YES;
				CLANG_ANALYZER_NUMBER_OBJECT_CONVERSION = YES_AGGRESSIVE;
				CLANG_CXX_LANGUAGE_STANDARD = "gnu++20";
				CLANG_ENABLE_MODULES = YES;
				CLANG_ENABLE_OBJC_ARC = YES;
				CLANG_ENABLE_OBJC_WEAK = YES;
				CLANG_WARN_BLOCK_CAPTURE_AUTORELEASING = YES;
				CLANG_WARN_BOOL_CONVERSION = YES;
				CLANG_WARN_COMMA = YES;
				CLANG_WARN_CONSTANT_CONVERSION = YES;
				CLANG_WARN_DEPRECATED_OBJC_IMPLEMENTATIONS = YES;
				CLANG_WARN_DIRECT_OBJC_ISA_USAGE = YES_ERROR;
				CLANG_WARN_DOCUMENTATION_COMMENTS = YES;
				CLANG_WARN_EMPTY_BODY = YES;
				CLANG_WARN_ENUM_CONVERSION = YES;
				CLANG_WARN_INFINITE_RECURSION = YES;
				CLANG_WARN_INT_CONVERSION = YES;
				CLANG_WARN_NON_LITERAL_NULL_CONVERSION = YES;
				CLANG_WARN_OBJC_IMPLICIT_RETAIN_SELF = YES;
				CLANG_WARN_OBJC_LITERAL_CONVERSION = YES;
				CLANG_WARN_OBJC_ROOT_CLASS = YES_ERROR;
				CLANG_WARN_QUOTED_INCLUDE_IN_FRAMEWORK_HEADER = YES;
				CLANG_WARN_RANGE_LOOP_ANALYSIS = YES;
				CLANG_WARN_STRICT_PROTOTYPES = YES;
				CLANG_WARN_SUSPICIOUS_MOVE = YES;
				CLANG_WARN_UNGUARDED_AVAILABILITY = YES_AGGRESSIVE;
				CLANG_WARN_UNREACHABLE_CODE = YES;
				CLANG_WARN__DUPLICATE_METHOD_MATCH = YES;
				COPY_PHASE_STRIP = NO;
				DEBUG_INFORMATION_FORMAT = dwarf;
				ENABLE_STRICT_OBJC_MSGSEND = YES;
				ENABLE_TESTABILITY = YES;
				ENABLE_USER_SCRIPT_SANDBOXING = YES;
				GCC_C_LANGUAGE_STANDARD = gnu17;
				GCC_DYNAMIC_NO_PIC = NO;
				GCC_NO_COMMON_BLOCKS = YES;
				GCC_OPTIMIZATION_LEVEL = 0;
				GCC_PREPROCESSOR_DEFINITIONS = (
					"DEBUG=1",
					"$(inherited)",
				);
				GCC_WARN_64_TO_32_BIT_CONVERSION = YES;
				GCC_WARN_ABOUT_RETURN_TYPE = YES_ERROR;
				GCC_WARN_UNDECLARED_SELECTOR = YES;
				GCC_WARN_UNINITIALIZED_AUTOS = YES_AGGRESSIVE;
				GCC_WARN_UNUSED_FUNCTION = YES;
				GCC_WARN_UNUSED_VARIABLE = YES;
				IPHONEOS_DEPLOYMENT_TARGET = 26.2;
				LOCALIZATION_PREFERS_STRING_CATALOGS = YES;
				MTL_ENABLE_DEBUG_INFO = INCLUDE_SOURCE;
				MTL_FAST_MATH = YES;
				ONLY_ACTIVE_ARCH = YES;
				SDKROOT = iphoneos;
				SWIFT_ACTIVE_COMPILATION_CONDITIONS = "DEBUG $(inherited)";
				SWIFT_OPTIMIZATION_LEVEL = "-Onone";
			};
			name = Debug;
		};
		269C36B92F457EA60040BB61 /* Release */ = {
			isa = XCBuildConfiguration;
			buildSettings = {
				ALWAYS_SEARCH_USER_PATHS = NO;
				ASSETCATALOG_COMPILER_GENERATE_SWIFT_ASSET_SYMBOL_EXTENSIONS = YES;
				CLANG_ANALYZER_NONNULL = YES;
				CLANG_ANALYZER_NUMBER_OBJECT_CONVERSION = YES_AGGRESSIVE;
				CLANG_CXX_LANGUAGE_STANDARD = "gnu++20";
				CLANG_ENABLE_MODULES = YES;
				CLANG_ENABLE_OBJC_ARC = YES;
				CLANG_ENABLE_OBJC_WEAK = YES;
				CLANG_WARN_BLOCK_CAPTURE_AUTORELEASING = YES;
				CLANG_WARN_BOOL_CONVERSION = YES;
				CLANG_WARN_COMMA = YES;
				CLANG_WARN_CONSTANT_CONVERSION = YES;
				CLANG_WARN_DEPRECATED_OBJC_IMPLEMENTATIONS = YES;
				CLANG_WARN_DIRECT_OBJC_ISA_USAGE = YES_ERROR;
				CLANG_WARN_DOCUMENTATION_COMMENTS = YES;
				CLANG_WARN_EMPTY_BODY = YES;
				CLANG_WARN_ENUM_CONVERSION = YES;
				CLANG_WARN_INFINITE_RECURSION = YES;
				CLANG_WARN_INT_CONVERSION = YES;
				CLANG_WARN_NON_LITERAL_NULL_CONVERSION = YES;
				CLANG_WARN_OBJC_IMPLICIT_RETAIN_SELF = YES;
				CLANG_WARN_OBJC_LITERAL_CONVERSION = YES;
				CLANG_WARN_OBJC_ROOT_CLASS = YES_ERROR;
				CLANG_WARN_QUOTED_INCLUDE_IN_FRAMEWORK_HEADER = YES;
				CLANG_WARN_RANGE_LOOP_ANALYSIS = YES;
				CLANG_WARN_STRICT_PROTOTYPES = YES;
				CLANG_WARN_SUSPICIOUS_MOVE = YES;
				CLANG_WARN_UNGUARDED_AVAILABILITY = YES_AGGRESSIVE;
				CLANG_WARN_UNREACHABLE_CODE = YES;
				CLANG_WARN__DUPLICATE_METHOD_MATCH = YES;
				COPY_PHASE_STRIP = NO;
				DEBUG_INFORMATION_FORMAT = "dwarf-with-dsym";
				ENABLE_NS_ASSERTIONS = NO;
				ENABLE_STRICT_OBJC_MSGSEND = YES;
				ENABLE_USER_SCRIPT_SANDBOXING = YES;
				GCC_C_LANGUAGE_STANDARD = gnu17;
				GCC_NO_COMMON_BLOCKS = YES;
				GCC_WARN_64_TO_32_BIT_CONVERSION = YES;
				GCC_WARN_ABOUT_RETURN_TYPE = YES_ERROR;
				GCC_WARN_UNDECLARED_SELECTOR = YES;
				GCC_WARN_UNINITIALIZED_AUTOS = YES_AGGRESSIVE;
				GCC_WARN_UNUSED_FUNCTION = YES;
				GCC_WARN_UNUSED_VARIABLE = YES;
				IPHONEOS_DEPLOYMENT_TARGET = 26.2;
				LOCALIZATION_PREFERS_STRING_CATALOGS = YES;
				MTL_ENABLE_DEBUG_INFO = NO;
				MTL_FAST_MATH = YES;
				SDKROOT = iphoneos;
				SWIFT_COMPILATION_MODE = wholemodule;
				VALIDATE_PRODUCT = YES;
			};
			name = Release;
		};
/* End XCBuildConfiguration section */

/* Begin XCConfigurationList section */
		269C369D2F457EA50040BB61 /* Build configuration list for PBXProject "SOLID Principles" */ = {
			isa = XCConfigurationList;
			buildConfigurations = (
				269C36B82F457EA60040BB61 /* Debug */,
				269C36B92F457EA60040BB61 /* Release */,
			);
			defaultConfigurationIsVisible = 0;
			defaultConfigurationName = Release;
		};
		269C36B52F457EA60040BB61 /* Build configuration list for PBXNativeTarget "SOLID Principles" */ = {
			isa = XCConfigurationList;
			buildConfigurations = (
				269C36B62F457EA60040BB61 /* Debug */,
				269C36B72F457EA60040BB61 /* Release */,
			);
			defaultConfigurationIsVisible = 0;
			defaultConfigurationName = Release;
		};
/* End XCConfigurationList section */
	};
	rootObject = 269C369A2F457EA50040BB61 /* Project object */;
}
